
Microsoft Visual Studio Solution File, Format Version 12.00
# Visual Studio Version 17
VisualStudioVersion = 17.5.33414.496
MinimumVisualStudioVersion = 10.0.40219.1
Project("{FAE04EC0-301F-11D3-BF4B-00C04F79EFBC}") = "CSIMediaTest", "CSIMediaTest\CSIMediaTest.csproj", "{5A87733B-649C-41CD-82F4-5AB7E55266EF}"
EndProject
Global
	GlobalSection(SolutionConfigurationPlatforms) = preSolution
		Debug|Any CPU = Debug|Any CPU
		Release|Any CPU = Release|Any CPU
	EndGlobalSection
	GlobalSection(ProjectConfigurationPlatforms) = postSolution
		{5A87733B-649C-41CD-82F4-5AB7E55266EF}.Debug|Any CPU.ActiveCfg = Debug|Any CPU
		{5A87733B-649C-41CD-82F4-5AB7E55266EF}.Debug|Any CPU.Build.0 = Debug|Any CPU
		{5A87733B-649C-41CD-82F4-5AB7E55266EF}.Release|Any CPU.ActiveCfg = Release|Any CPU
		{5A87733B-649C-41CD-82F4-5AB7E55266EF}.Release|Any CPU.Build.0 = Release|Any CPU
	EndGlobalSection
	GlobalSection(SolutionProperties) = preSolution
		HideSolutionNode = FALSE
	EndGlobalSection
	GlobalSection(ExtensibilityGlobals) = postSolution
		SolutionGuid = {BA8F2099-F46E-431A-901D-05A72D3FA881}
	EndGlobalSection
EndGlobal
